<?xml version="1.0" encoding="utf-8"?>
<Project ToolsVersion="4.0" xmlns="http://schemas.microsoft.com/developer/msbuild/2003">
  <ItemGroup>
    <Filter Include="Source Files">
      <UniqueIdentifier>{4FC737F1-C7A5-4376-A066-2A32D752A2FF}</UniqueIdentifier>
      <Extensions>cpp;c;cc;cxx;c++;cppm;ixx;def;odl;idl;hpj;bat;asm;asmx</Extensions>
    </Filter>
    <Filter Include="Header Files">
      <UniqueIdentifier>{93995380-89BD-4b04-88EB-625FBE52EBFB}</UniqueIdentifier>
      <Extensions>h;hh;hpp;hxx;h++;hm;inl;inc;ipp;xsd</Extensions>
    </Filter>
    <Filter Include="Resource Files">
      <UniqueIdentifier>{67DA6AB6-F800-4c08-8B7A-83BB121AAD01}</UniqueIdentifier>
      <Extensions>rc;ico;cur;bmp;dlg;rc2;rct;bin;rgs;gif;jpg;jpeg;jpe;resx;tiff;tif;png;wav;mfcribbon-ms</Extensions>
    </Filter>
  </ItemGroup>
  <ItemGroup>
    <ResourceCompile Include="app.rc">
      <Filter>Resource Files</Filter>
    </ResourceCompile>
  </ItemGroup>
  <ItemGroup>
    <ClInclude Include="Resource.h">
      <Filter>Header Files</Filter>
    </ClInclude>
    <ClInclude Include="gantry_global_status.h">
      <Filter>Header Files</Filter>
    </ClInclude>
    <ClInclude Include="DEVICES\CanDeviceProtocol.h">
      <Filter>Header Files</Filter>
    </ClInclude>
    <ClInclude Include="DEVICES\PCB301.h">
      <Filter>Header Files</Filter>
    </ClInclude>
    <ClInclude Include="DEVICES\PCB302.h">
      <Filter>Header Files</Filter>
    </ClInclude>
    <ClInclude Include="DEVICES\PCB303.h">
      <Filter>Header Files</Filter>
    </ClInclude>
    <ClInclude Include="DEVICES\PCB304.h">
      <Filter>Header Files</Filter>
    </ClInclude>
    <ClInclude Include="VSCAN\CanDriver.h">
      <Filter>Header Files</Filter>
    </ClInclude>
    <ClInclude Include="MOTORS\CanOpenDriver\CanOpenMotor.h">
      <Filter>Header Files</Filter>
    </ClInclude>
    <ClInclude Include="MOTORS\TiltMotor.h">
      <Filter>Header Files</Filter>
    </ClInclude>
    <ClInclude Include="MOTORS\CanOpenDriver\pd4_od.h">
      <Filter>Header Files</Filter>
    </ClInclude>
    <ClInclude Include="CONFIGURATION\ConfigFile.h">
      <Filter>Header Files</Filter>
    </ClInclude>
    <ClInclude Include="CONFIGURATION\SystemConfig.h">
      <Filter>Header Files</Filter>
    </ClInclude>
    <ClInclude Include="AWS\awsProtocol.h">
      <Filter>Header Files</Filter>
    </ClInclude>
    <ClInclude Include="AWS\TcpIpServerCLI.h">
      <Filter>Header Files</Filter>
    </ClInclude>
    <ClInclude Include="LANGUAGE\translate_eng.h">
      <Filter>Header Files</Filter>
    </ClInclude>
    <ClInclude Include="LANGUAGE\translate_esp.h">
      <Filter>Header Files</Filter>
    </ClInclude>
    <ClInclude Include="LANGUAGE\translate_fra.h">
      <Filter>Header Files</Filter>
    </ClInclude>
    <ClInclude Include="LANGUAGE\translate_ita.h">
      <Filter>Header Files</Filter>
    </ClInclude>
    <ClInclude Include="LANGUAGE\translate_por.h">
      <Filter>Header Files</Filter>
    </ClInclude>
    <ClInclude Include="LANGUAGE\translate_rus.h">
      <Filter>Header Files</Filter>
    </ClInclude>
    <ClInclude Include="MESSAGES\Notify.h">
      <Filter>Header Files</Filter>
    </ClInclude>
    <ClInclude Include="WINDOWS\IdleForm.h">
      <Filter>Header Files</Filter>
    </ClInclude>
    <ClInclude Include="WINDOWS\GUIStartupOperatingForm.h">
      <Filter>Header Files</Filter>
    </ClInclude>
    <ClInclude Include="WINDOWS\OperatingForm.h">
      <Filter>Header Files</Filter>
    </ClInclude>
    <ClInclude Include="GENERATOR\TcpIpClientCLI.h">
      <Filter>Header Files</Filter>
    </ClInclude>
    <ClInclude Include="GENERATOR\Generator.h">
      <Filter>Header Files</Filter>
    </ClInclude>
    <ClInclude Include="GENERATOR\R2CP\api_log.h">
      <Filter>Header Files</Filter>
    </ClInclude>
    <ClInclude Include="GENERATOR\R2CP\CaDataDic.h">
      <Filter>Header Files</Filter>
    </ClInclude>
    <ClInclude Include="GENERATOR\R2CP\R2CP_Eth.h">
      <Filter>Header Files</Filter>
    </ClInclude>
    <ClInclude Include="GENERATOR\R2CP\system_messages.h">
      <Filter>Header Files</Filter>
    </ClInclude>
    <ClInclude Include="GENERATOR\R2CP\GenDataDic\CaDataDicGen.h">
      <Filter>Header Files</Filter>
    </ClInclude>
    <ClInclude Include="GENERATOR\R2CP\GenDataDic\R2CP_Index.h">
      <Filter>Header Files</Filter>
    </ClInclude>
    <ClInclude Include="GENERATOR\R2CP\GenDataDic\Interfaces\aDataDicHdlInterface.h">
      <Filter>Header Files</Filter>
    </ClInclude>
    <ClInclude Include="GENERATOR\R2CP\GenDataDic\Interfaces\aDataDicInterface.h">
      <Filter>Header Files</Filter>
    </ClInclude>
    <ClInclude Include="GENERATOR\R2CP\GenDataDic\Interfaces\aDataDicNetworkInterface.h">
      <Filter>Header Files</Filter>
    </ClInclude>
    <ClInclude Include="GENERATOR\R2CP\GenDataDic\Interfaces\aDataDicPatientInterface.h">
      <Filter>Header Files</Filter>
    </ClInclude>
    <ClInclude Include="GENERATOR\R2CP\GenDataDic\Interfaces\aDataDicR2CPInterface.h">
      <Filter>Header Files</Filter>
    </ClInclude>
    <ClInclude Include="GENERATOR\R2CP\GenDataDic\Interfaces\aDataDicRadInterface.h">
      <Filter>Header Files</Filter>
    </ClInclude>
    <ClInclude Include="GENERATOR\R2CP\GenDataDic\Interfaces\aDataDicRFInterface.h">
      <Filter>Header Files</Filter>
    </ClInclude>
    <ClInclude Include="GENERATOR\R2CP\GenDataDic\Interfaces\aDataDicServiceInterface.h">
      <Filter>Header Files</Filter>
    </ClInclude>
    <ClInclude Include="GENERATOR\R2CP\GenDataDic\Interfaces\aDataDicSystemInterface.h">
      <Filter>Header Files</Filter>
    </ClInclude>
    <ClInclude Include="GENERATOR\R2CP\GenDataDic\Interfaces\aDataDicTestInterface.h">
      <Filter>Header Files</Filter>
    </ClInclude>
    <ClInclude Include="WINDOWS\ConfirmationWindow.h">
      <Filter>Header Files</Filter>
    </ClInclude>
    <ClInclude Include="WINDOWS\Projections.h">
      <Filter>Header Files</Filter>
    </ClInclude>
    <ClInclude Include="WINDOWS\ErrorForm.h">
      <Filter>Header Files</Filter>
    </ClInclude>
    <ClInclude Include="MOTORS\ArmMotor.h">
      <Filter>Header Files</Filter>
    </ClInclude>
    <ClInclude Include="MOTORS\VerticalMotor.h">
      <Filter>Header Files</Filter>
    </ClInclude>
    <ClInclude Include="DEVICES\PCB326.h">
      <Filter>Header Files</Filter>
    </ClInclude>
    <ClInclude Include="GENERATOR\ExposureModule.h">
      <Filter>Header Files</Filter>
    </ClInclude>
    <ClInclude Include="MOTORS\BodyMotor.h">
      <Filter>Header Files</Filter>
    </ClInclude>
    <ClInclude Include="MOTORS\SlideMotor.h">
      <Filter>Header Files</Filter>
    </ClInclude>
    <ClInclude Include="WINDOWS\IconWindow.h">
      <Filter>Header Files</Filter>
    </ClInclude>
    <ClInclude Include="WINDOWS\infoPopup.h">
      <Filter>Header Files</Filter>
    </ClInclude>
    <ClInclude Include="WINDOWS\ValuePopup.h">
      <Filter>Header Files</Filter>
    </ClInclude>
    <ClInclude Include="MESSAGES\Log.h">
      <Filter>Header Files</Filter>
    </ClInclude>
    <ClInclude Include="WINDOWS\KeyPaddle.h">
      <Filter>Header Files</Filter>
    </ClInclude>
    <ClInclude Include="WINDOWS\SERVICE\ServiceExposureTool.h">
      <Filter>Header Files</Filter>
    </ClInclude>
    <ClInclude Include="WINDOWS\SERVICE\ServiceForm.h">
      <Filter>Header Files</Filter>
    </ClInclude>
    <ClInclude Include="WINDOWS\SERVICE\ServiceRotationTool.h">
      <Filter>Header Files</Filter>
    </ClInclude>
    <ClInclude Include="WINDOWS\SERVICE\ServiceZeroSettingTool.h">
      <Filter>Header Files</Filter>
    </ClInclude>
    <ClInclude Include="DEBUGGER\Debugger.h">
      <Filter>Header Files</Filter>
    </ClInclude>
    <ClInclude Include="VSCAN\CanSimulator.h">
      <Filter>Header Files</Filter>
    </ClInclude>
    <ClInclude Include="WINDOWS\SERVICE\ServicePaddleCalibration.h">
      <Filter>Header Files</Filter>
    </ClInclude>
    <ClInclude Include="CONFIGURATION\CollimatorConfig.h">
      <Filter>Header Files</Filter>
    </ClInclude>
    <ClInclude Include="CONFIGURATION\ConfigurationFiles.h">
      <Filter>Header Files</Filter>
    </ClInclude>
    <ClInclude Include="CONFIGURATION\DetectorConfig.h">
      <Filter>Header Files</Filter>
    </ClInclude>
    <ClInclude Include="CONFIGURATION\MotorConfig.h">
      <Filter>Header Files</Filter>
    </ClInclude>
    <ClInclude Include="CONFIGURATION\PaddleConfig.h">
      <Filter>Header Files</Filter>
    </ClInclude>
    <ClInclude Include="CONFIGURATION\TomoConfig.h">
      <Filter>Header Files</Filter>
    </ClInclude>
    <ClInclude Include="MOTORS\Motors.h">
      <Filter>Header Files</Filter>
    </ClInclude>
    <ClInclude Include="DEVICES\PCB325.h">
      <Filter>Header Files</Filter>
    </ClInclude>
    <ClInclude Include="DEVICES\Devices.h">
      <Filter>Header Files</Filter>
    </ClInclude>
    <ClInclude Include="CONFIGURATION\BiopsyConfig.h">
      <Filter>Header Files</Filter>
    </ClInclude>
    <ClInclude Include="WINDOWS\AecSelectionDialog.h">
      <Filter>Header Files</Filter>
    </ClInclude>
    <ClInclude Include="BIOPSY_STUDY\BiopsyStudy.h">
      <Filter>Header Files</Filter>
    </ClInclude>
    <ClInclude Include="BIOPSY_STUDY\BiopsyHomeProcedure.h">
      <Filter>Header Files</Filter>
    </ClInclude>
    <ClInclude Include="WINDOWS\SERVICE\ServiceCollimatorTool.h">
      <Filter>Header Files</Filter>
    </ClInclude>
  </ItemGroup>
  <ItemGroup>
    <ClCompile Include="CppCLR_WinFormsProject.cpp">
      <Filter>Source Files</Filter>
    </ClCompile>
    <ClCompile Include="AssemblyInfo.cpp">
      <Filter>Source Files</Filter>
    </ClCompile>
    <ClCompile Include="gantry_global_status.cpp">
      <Filter>Source Files</Filter>
    </ClCompile>
    <ClCompile Include="DEVICES\CanDeviceProtocol.cpp">
      <Filter>Source Files</Filter>
    </ClCompile>
    <ClCompile Include="DEVICES\PCB301.cpp">
      <Filter>Source Files</Filter>
    </ClCompile>
    <ClCompile Include="DEVICES\PCB302.cpp">
      <Filter>Source Files</Filter>
    </ClCompile>
    <ClCompile Include="DEVICES\PCB303.cpp">
      <Filter>Source Files</Filter>
    </ClCompile>
    <ClCompile Include="DEVICES\PCB304.cpp">
      <Filter>Source Files</Filter>
    </ClCompile>
    <ClCompile Include="VSCAN\CanDriver.cpp">
      <Filter>Source Files</Filter>
    </ClCompile>
    <ClCompile Include="MOTORS\CanOpenDriver\CanOpenMotor.cpp">
      <Filter>Source Files</Filter>
    </ClCompile>
    <ClCompile Include="MOTORS\TiltMotor.cpp">
      <Filter>Source Files</Filter>
    </ClCompile>
    <ClCompile Include="CONFIGURATION\ConfigFile.cpp">
      <Filter>Source Files</Filter>
    </ClCompile>
    <ClCompile Include="AWS\awsProtocol.cpp">
      <Filter>Source Files</Filter>
    </ClCompile>
    <ClCompile Include="AWS\TcpIpServerCLI.cpp">
      <Filter>Source Files</Filter>
    </ClCompile>
    <ClCompile Include="MESSAGES\Notify.cpp">
      <Filter>Source Files</Filter>
    </ClCompile>
    <ClCompile Include="WINDOWS\IdleForm.cpp">
      <Filter>Source Files</Filter>
    </ClCompile>
    <ClCompile Include="WINDOWS\MainForm.cpp">
      <Filter>Source Files</Filter>
    </ClCompile>
    <ClCompile Include="WINDOWS\OperatingForm.cpp">
      <Filter>Source Files</Filter>
    </ClCompile>
    <ClCompile Include="GENERATOR\TcpIpClientCLI.cpp">
      <Filter>Source Files</Filter>
    </ClCompile>
    <ClCompile Include="GENERATOR\Generator.cpp">
      <Filter>Source Files</Filter>
    </ClCompile>
    <ClCompile Include="GENERATOR\R2CP\api_log.cpp">
      <Filter>Source Files</Filter>
    </ClCompile>
    <ClCompile Include="GENERATOR\R2CP\CaDataDic.cpp">
      <Filter>Source Files</Filter>
    </ClCompile>
    <ClCompile Include="GENERATOR\R2CP\R2CP_Eth.cpp">
      <Filter>Source Files</Filter>
    </ClCompile>
    <ClCompile Include="GENERATOR\R2CP\GenDataDic\CaDataDicGen.cpp">
      <Filter>Source Files</Filter>
    </ClCompile>
    <ClCompile Include="GENERATOR\R2CP\GenDataDic\CaDataDicGen_GenIndex.cpp">
      <Filter>Source Files</Filter>
    </ClCompile>
    <ClCompile Include="GENERATOR\R2CP\GenDataDic\CaDataDicGen_Network.cpp">
      <Filter>Source Files</Filter>
    </ClCompile>
    <ClCompile Include="GENERATOR\R2CP\GenDataDic\CaDataDicGen_PatientIndex.cpp">
      <Filter>Source Files</Filter>
    </ClCompile>
    <ClCompile Include="GENERATOR\R2CP\GenDataDic\CaDataDicGen_Service.cpp">
      <Filter>Source Files</Filter>
    </ClCompile>
    <ClCompile Include="GENERATOR\R2CP\GenDataDic\CaDataDicGen_SystemIndex.cpp">
      <Filter>Source Files</Filter>
    </ClCompile>
    <ClCompile Include="WINDOWS\ConfirmationWindow.cpp">
      <Filter>Source Files</Filter>
    </ClCompile>
    <ClCompile Include="WINDOWS\Projections.cpp">
      <Filter>Source Files</Filter>
    </ClCompile>
    <ClCompile Include="WINDOWS\ErrorForm.cpp">
      <Filter>Source Files</Filter>
    </ClCompile>
    <ClCompile Include="MOTORS\ArmMotor.cpp">
      <Filter>Source Files</Filter>
    </ClCompile>
    <ClCompile Include="MOTORS\VerticalMotor.cpp">
      <Filter>Source Files</Filter>
    </ClCompile>
    <ClCompile Include="DEVICES\PCB326.cpp">
      <Filter>Source Files</Filter>
    </ClCompile>
    <ClCompile Include="AWS\awsCommands.cpp">
      <Filter>Source Files</Filter>
    </ClCompile>
    <ClCompile Include="AWS\awsEvents.cpp">
      <Filter>Source Files</Filter>
    </ClCompile>
    <ClCompile Include="GENERATOR\Exposure2DModule.cpp">
      <Filter>Source Files</Filter>
    </ClCompile>
    <ClCompile Include="GENERATOR\Exposure3DModule.cpp">
      <Filter>Source Files</Filter>
    </ClCompile>
    <ClCompile Include="GENERATOR\ExposureAEModule.cpp">
      <Filter>Source Files</Filter>
    </ClCompile>
    <ClCompile Include="GENERATOR\ExposureComboModule.cpp">
      <Filter>Source Files</Filter>
    </ClCompile>
    <ClCompile Include="MOTORS\BodyMotor.cpp">
      <Filter>Source Files</Filter>
    </ClCompile>
    <ClCompile Include="MOTORS\SlideMotor.cpp">
      <Filter>Source Files</Filter>
    </ClCompile>
    <ClCompile Include="MOTORS\CanOpenDriver\CanOpenCiAProcedures.cpp">
      <Filter>Source Files</Filter>
    </ClCompile>
    <ClCompile Include="MOTORS\CanOpenDriver\CanOpenNanoJ.cpp">
      <Filter>Source Files</Filter>
    </ClCompile>
    <ClCompile Include="MOTORS\CanOpenDriver\CanOpenAutomaticPositioning.cpp">
      <Filter>Source Files</Filter>
    </ClCompile>
    <ClCompile Include="MOTORS\CanOpenDriver\CanOpenHoming.cpp">
      <Filter>Source Files</Filter>
    </ClCompile>
    <ClCompile Include="MOTORS\CanOpenDriver\CanOpenManualPositioning.cpp">
      <Filter>Source Files</Filter>
    </ClCompile>
    <ClCompile Include="WINDOWS\IconWindow.cpp">
      <Filter>Source Files</Filter>
    </ClCompile>
    <ClCompile Include="WINDOWS\infoPopup.cpp">
      <Filter>Source Files</Filter>
    </ClCompile>
    <ClCompile Include="WINDOWS\ValuePopup.cpp">
      <Filter>Source Files</Filter>
    </ClCompile>
    <ClCompile Include="MESSAGES\Log.cpp">
      <Filter>Source Files</Filter>
    </ClCompile>
    <ClCompile Include="WINDOWS\KeyPaddle.cpp">
      <Filter>Source Files</Filter>
    </ClCompile>
    <ClCompile Include="GENERATOR\ExposureTest.cpp">
      <Filter>Source Files</Filter>
    </ClCompile>
    <ClCompile Include="WINDOWS\SERVICE\ServiceExposureTool.cpp">
      <Filter>Source Files</Filter>
    </ClCompile>
    <ClCompile Include="WINDOWS\SERVICE\ServiceForm.cpp">
      <Filter>Source Files</Filter>
    </ClCompile>
    <ClCompile Include="WINDOWS\SERVICE\ServiceRotationTool.cpp">
      <Filter>Source Files</Filter>
    </ClCompile>
    <ClCompile Include="WINDOWS\SERVICE\ServiceZeroSettingTool.cpp">
      <Filter>Source Files</Filter>
    </ClCompile>
    <ClCompile Include="GENERATOR\ExposureModule.cpp">
      <Filter>Source Files</Filter>
    </ClCompile>
    <ClCompile Include="DEBUGGER\Debugger.cpp">
      <Filter>Source Files</Filter>
    </ClCompile>
    <ClCompile Include="VSCAN\CanSimulator.cpp">
      <Filter>Source Files</Filter>
    </ClCompile>
    <ClCompile Include="WINDOWS\SERVICE\ServicePaddleCalibration.cpp">
      <Filter>Source Files</Filter>
    </ClCompile>
    <ClCompile Include="DEVICES\PCB325.cpp">
      <Filter>Source Files</Filter>
    </ClCompile>
    <ClCompile Include="WINDOWS\AecSelectionDialog.cpp">
      <Filter>Source Files</Filter>
    </ClCompile>
    <ClCompile Include="BIOPSY_STUDY\BiopsyStudy.cpp">
      <Filter>Source Files</Filter>
    </ClCompile>
    <ClCompile Include="BIOPSY_STUDY\BiopsyHomeProcedure.cpp">
      <Filter>Source Files</Filter>
    </ClCompile>
    <ClCompile Include="WINDOWS\SERVICE\ServiceCollimatorTool.cpp">
      <Filter>Source Files</Filter>
    </ClCompile>
    <ClCompile Include="GENERATOR\Exposure3DCalibModule.cpp">
      <Filter>Source Files</Filter>
    </ClCompile>
  </ItemGroup>
  <ItemGroup>
    <Image Include="app.ico">
      <Filter>Resource Files</Filter>
    </Image>
  </ItemGroup>
  <ItemGroup>
    <None Include="DOC\COMPILED\html\index.html" />
    <None Include="DOC\mcpu_master_doxy" />
    <None Include="DOC\aws_interface_protocol_implementation.html" />
    <None Include="DOC\aws_interface_protocol_implementation.md" />
  </ItemGroup>
  <ItemGroup>
    <EmbeddedResource Include="WINDOWS\IdleForm.resx">
      <Filter>Resource Files</Filter>
    </EmbeddedResource>
    <EmbeddedResource Include="WINDOWS\MainForm.resx">
      <Filter>Resource Files</Filter>
    </EmbeddedResource>
    <EmbeddedResource Include="WINDOWS\OperatingForm.resx">
      <Filter>Resource Files</Filter>
    </EmbeddedResource>
    <EmbeddedResource Include="BIOPSY_STUDY\BiopsyForm.resx">
      <Filter>Resource Files</Filter>
    </EmbeddedResource>
  </ItemGroup>
</Project>